{
    "name": "nodeoauthserver",
    "version": "1.0.0",
    "lockfileVersion": 1,
    "requires": true,
    "dependencies": {
        "basic-auth": {
            "version": "2.0.1",
            "resolved": "https://registry.npm.taobao.org/basic-auth/download/basic-auth-2.0.1.tgz",
            "integrity": "sha1-uZgnm/R844NEtPPPkW1Gebv1Hjo=",
            "requires": {
                "safe-buffer": "5.1.2"
            }
        },
        "bluebird": {
            "version": "3.7.2",
            "resolved": "https://registry.npm.taobao.org/bluebird/download/bluebird-3.7.2.tgz",
            "integrity": "sha1-nyKcFb4nJFT/qXOs4NvueaGww28="
        },
        "co-bluebird": {
            "version": "1.1.0",
            "resolved": "https://registry.npm.taobao.org/co-bluebird/download/co-bluebird-1.1.0.tgz",
            "integrity": "sha1-yLnzqTIKftMJh9zKGlw8/1llXHw=",
            "requires": {
                "bluebird": "^2.10.0",
                "co-use": "^1.1.0"
            },
            "dependencies": {
                "bluebird": {
                    "version": "2.11.0",
                    "resolved": "https://registry.npm.taobao.org/bluebird/download/bluebird-2.11.0.tgz",
                    "integrity": "sha1-U0uQM8AiyVecVro7Plpcqvu2UOE="
                }
            }
        },
        "co-use": {
            "version": "1.1.0",
            "resolved": "https://registry.npm.taobao.org/co-use/download/co-use-1.1.0.tgz",
            "integrity": "sha1-xrs83xDLc17Kqdru2kbXJclKTmI="
        },
        "expresss": {
            "version": "0.0.0",
            "resolved": "https://registry.npm.taobao.org/expresss/download/expresss-0.0.0.tgz",
            "integrity": "sha1-WzOn+J56+Q0xLE/WSekCC/yCCSk="
        },
        "is-generator": {
            "version": "1.0.3",
            "resolved": "https://registry.npm.taobao.org/is-generator/download/is-generator-1.0.3.tgz",
            "integrity": "sha1-wUwhBX7TbjKNuANHlmxpP4hjifM="
        },
        "lodash": {
            "version": "4.17.19",
            "resolved": "https://registry.npm.taobao.org/lodash/download/lodash-4.17.19.tgz",
            "integrity": "sha1-5I3e2+MLMyF4PFtDAfvTU7weSks="
        },
        "media-typer": {
            "version": "0.3.0",
            "resolved": "https://registry.npm.taobao.org/media-typer/download/media-typer-0.3.0.tgz",
            "integrity": "sha1-hxDXrwqmJvj/+hzgAWhUUmMlV0g="
        },
        "mime-db": {
            "version": "1.45.0",
            "resolved": "https://registry.npm.taobao.org/mime-db/download/mime-db-1.45.0.tgz?cache=0&sync_timestamp=1613194744108&other_urls=https%3A%2F%2Fregistry.npm.taobao.org%2Fmime-db%2Fdownload%2Fmime-db-1.45.0.tgz",
            "integrity": "sha1-zO7aIczXw6dF66LezVXUtz54eeo="
        },
        "mime-types": {
            "version": "2.1.28",
            "resolved": "https://registry.npm.taobao.org/mime-types/download/mime-types-2.1.28.tgz?cache=0&sync_timestamp=1609559940028&other_urls=https%3A%2F%2Fregistry.npm.taobao.org%2Fmime-types%2Fdownload%2Fmime-types-2.1.28.tgz",
            "integrity": "sha1-EWDEdX6rLFNjiI4AUnPs950qDs0=",
            "requires": {
                "mime-db": "1.45.0"
            }
        },
        "oauth2-server": {
            "version": "3.1.1",
            "resolved": "https://registry.npm.taobao.org/oauth2-server/download/oauth2-server-3.1.1.tgz",
            "integrity": "sha1-vikdqECjB6UDaHNqt2a9aPLus6k=",
            "requires": {
                "basic-auth": "2.0.1",
                "bluebird": "3.7.2",
                "lodash": "4.17.19",
                "promisify-any": "2.0.1",
                "statuses": "1.5.0",
                "type-is": "1.6.18"
            }
        },
        "promisify-any": {
            "version": "2.0.1",
            "resolved": "https://registry.npm.taobao.org/promisify-any/download/promisify-any-2.0.1.tgz",
            "integrity": "sha1-QD4AqIE/F1JCq1D+M6afjuzkcwU=",
            "requires": {
                "bluebird": "^2.10.0",
                "co-bluebird": "^1.1.0",
                "is-generator": "^1.0.2"
            },
            "dependencies": {
                "bluebird": {
                    "version": "2.11.0",
                    "resolved": "https://registry.npm.taobao.org/bluebird/download/bluebird-2.11.0.tgz",
                    "integrity": "sha1-U0uQM8AiyVecVro7Plpcqvu2UOE="
                }
            }
        },
        "safe-buffer": {
            "version": "5.1.2",
            "resolved": "https://registry.npm.taobao.org/safe-buffer/download/safe-buffer-5.1.2.tgz?cache=0&sync_timestamp=1599054209520&other_urls=https%3A%2F%2Fregistry.npm.taobao.org%2Fsafe-buffer%2Fdownload%2Fsafe-buffer-5.1.2.tgz",
            "integrity": "sha1-mR7GnSluAxN0fVm9/St0XDX4go0="
        },
        "statuses": {
            "version": "1.5.0",
            "resolved": "https://registry.npm.taobao.org/statuses/download/statuses-1.5.0.tgz?cache=0&sync_timestamp=1609654014762&other_urls=https%3A%2F%2Fregistry.npm.taobao.org%2Fstatuses%2Fdownload%2Fstatuses-1.5.0.tgz",
            "integrity": "sha1-Fhx9rBd2Wf2YEfQ3cfqZOBR4Yow="
        },
        "type-is": {
            "version": "1.6.18",
            "resolved": "https://registry.npm.taobao.org/type-is/download/type-is-1.6.18.tgz",
            "integrity": "sha1-TlUs0F3wlGfcvE73Od6J8s83wTE=",
            "requires": {
                "media-typer": "0.3.0",
                "mime-types": "~2.1.24"
            }
        }
    }
}
